Microsoft Visual Studio Solution File, Format Version 12.00
# Visual Studio Version 17
VisualStudioVersion = 17.5.2.0
MinimumVisualStudioVersion = 10.0.40219.1
Project("{FAE04EC0-301F-11D3-BF4B-00C04F79EFBC}") = "ReleasePilot.Api", "ReleasePilot.Api\ReleasePilot.Api.csproj", "{D424155B-38F5-1B91-CDF3-8BC6CBFB8D8A}"
EndProject
Global
	GlobalSection(SolutionConfigurationPlatforms) = preSolution
		Debug|Any CPU = Debug|Any CPU
		Release|Any CPU = Release|Any CPU
	EndGlobalSection
	GlobalSection(ProjectConfigurationPlatforms) = postSolution
		{D424155B-38F5-1B91-CDF3-8BC6CBFB8D8A}.Debug|Any CPU.ActiveCfg = Debug|Any CPU
		{D424155B-38F5-1B91-CDF3-8BC6CBFB8D8A}.Debug|Any CPU.Build.0 = Debug|Any CPU
		{D424155B-38F5-1B91-CDF3-8BC6CBFB8D8A}.Release|Any CPU.ActiveCfg = Release|Any CPU
		{D424155B-38F5-1B91-CDF3-8BC6CBFB8D8A}.Release|Any CPU.Build.0 = Release|Any CPU
	EndGlobalSection
	GlobalSection(SolutionProperties) = preSolution
		HideSolutionNode = FALSE
	EndGlobalSection
	GlobalSection(ExtensibilityGlobals) = postSolution
		SolutionGuid = {5EAE9106-BBF2-4F0A-BAF1-279C90ED2354}
	EndGlobalSection
EndGlobal
